
Microsoft Visual Studio Solution File, Format Version 12.00
# Visual Studio Version 16
VisualStudioVersion = 16.0.31019.35
MinimumVisualStudioVersion = 10.0.40219.1
Project("{FAE04EC0-301F-11D3-BF4B-00C04F79EFBC}") = "API", "API.csproj", "{40CBE475-54C5-4119-B172-62BCDEAC4237}"
EndProject
Global
	GlobalSection(SolutionConfigurationPlatforms) = preSolution
		Debug|Any CPU = Debug|Any CPU
		Release|Any CPU = Release|Any CPU
	EndGlobalSection
	GlobalSection(ProjectConfigurationPlatforms) = postSolution
		{40CBE475-54C5-4119-B172-62BCDEAC4237}.Debug|Any CPU.ActiveCfg = Debug|Any CPU
		{40CBE475-54C5-4119-B172-62BCDEAC4237}.Debug|Any CPU.Build.0 = Debug|Any CPU
		{40CBE475-54C5-4119-B172-62BCDEAC4237}.Release|Any CPU.ActiveCfg = Release|Any CPU
		{40CBE475-54C5-4119-B172-62BCDEAC4237}.Release|Any CPU.Build.0 = Release|Any CPU
	EndGlobalSection
	GlobalSection(SolutionProperties) = preSolution
		HideSolutionNode = FALSE
	EndGlobalSection
	GlobalSection(ExtensibilityGlobals) = postSolution
		SolutionGuid = {DBC68297-3B2C-428A-A406-ADA4B609C3F6}
	EndGlobalSection
EndGlobal
